
Microsoft Visual Studio Solution File, Format Version 12.00
# Visual Studio Version 16
VisualStudioVersion = 16.0.30114.105
MinimumVisualStudioVersion = 10.0.40219.1
Project("{9A19103F-16F7-4668-BE54-9A1E7A4F7556}") = "Nile", "Nile\Nile.csproj", "{BCC5CA95-9346-4889-851C-4740F3F31494}"
EndProject
Project("{9A19103F-16F7-4668-BE54-9A1E7A4F7556}") = "Nile.lib", "Nile.lib\Nile.lib.csproj", "{0A7829C2-0433-47D1-ACD5-AD5DC7318595}"
EndProject
Project("{FAE04EC0-301F-11D3-BF4B-00C04F79EFBC}") = "Nile.API", "Nile.API\Nile.API.csproj", "{B39D7119-2B26-4B2C-8EEC-51B2C2F56ADD}"
EndProject
Project("{FAE04EC0-301F-11D3-BF4B-00C04F79EFBC}") = "Nile.Client", "Nile.Client\Nile.Client.csproj", "{4E328A1C-55ED-4CC3-AA10-2F368B2414C0}"
EndProject
Project("{FAE04EC0-301F-11D3-BF4B-00C04F79EFBC}") = "NileLib.Components", "NileLib.Components\NileLib.Components.csproj", "{E076E18D-7B88-42B4-9E1C-E3D006238F9F}"
EndProject
Global
	GlobalSection(SolutionConfigurationPlatforms) = preSolution
		Debug|Any CPU = Debug|Any CPU
		Release|Any CPU = Release|Any CPU
	EndGlobalSection
	GlobalSection(ProjectConfigurationPlatforms) = postSolution
		{BCC5CA95-9346-4889-851C-4740F3F31494}.Debug|Any CPU.ActiveCfg = Debug|Any CPU
		{BCC5CA95-9346-4889-851C-4740F3F31494}.Debug|Any CPU.Build.0 = Debug|Any CPU
		{BCC5CA95-9346-4889-851C-4740F3F31494}.Release|Any CPU.ActiveCfg = Release|Any CPU
		{BCC5CA95-9346-4889-851C-4740F3F31494}.Release|Any CPU.Build.0 = Release|Any CPU
		{0A7829C2-0433-47D1-ACD5-AD5DC7318595}.Debug|Any CPU.ActiveCfg = Debug|Any CPU
		{0A7829C2-0433-47D1-ACD5-AD5DC7318595}.Debug|Any CPU.Build.0 = Debug|Any CPU
		{0A7829C2-0433-47D1-ACD5-AD5DC7318595}.Release|Any CPU.ActiveCfg = Release|Any CPU
		{0A7829C2-0433-47D1-ACD5-AD5DC7318595}.Release|Any CPU.Build.0 = Release|Any CPU
		{B39D7119-2B26-4B2C-8EEC-51B2C2F56ADD}.Debug|Any CPU.ActiveCfg = Debug|Any CPU
		{B39D7119-2B26-4B2C-8EEC-51B2C2F56ADD}.Debug|Any CPU.Build.0 = Debug|Any CPU
		{B39D7119-2B26-4B2C-8EEC-51B2C2F56ADD}.Release|Any CPU.ActiveCfg = Release|Any CPU
		{B39D7119-2B26-4B2C-8EEC-51B2C2F56ADD}.Release|Any CPU.Build.0 = Release|Any CPU
		{4E328A1C-55ED-4CC3-AA10-2F368B2414C0}.Debug|Any CPU.ActiveCfg = Debug|Any CPU
		{4E328A1C-55ED-4CC3-AA10-2F368B2414C0}.Debug|Any CPU.Build.0 = Debug|Any CPU
		{4E328A1C-55ED-4CC3-AA10-2F368B2414C0}.Release|Any CPU.ActiveCfg = Release|Any CPU
		{4E328A1C-55ED-4CC3-AA10-2F368B2414C0}.Release|Any CPU.Build.0 = Release|Any CPU
		{E076E18D-7B88-42B4-9E1C-E3D006238F9F}.Debug|Any CPU.ActiveCfg = Debug|Any CPU
		{E076E18D-7B88-42B4-9E1C-E3D006238F9F}.Debug|Any CPU.Build.0 = Debug|Any CPU
		{E076E18D-7B88-42B4-9E1C-E3D006238F9F}.Release|Any CPU.ActiveCfg = Release|Any CPU
		{E076E18D-7B88-42B4-9E1C-E3D006238F9F}.Release|Any CPU.Build.0 = Release|Any CPU
	EndGlobalSection
	GlobalSection(SolutionProperties) = preSolution
		HideSolutionNode = FALSE
	EndGlobalSection
	GlobalSection(ExtensibilityGlobals) = postSolution
		SolutionGuid = {8D01511D-F8E9-4A90-ABF7-6E4C4BBF26A7}
	EndGlobalSection
EndGlobal
